<Solution>
  <Project Path="01-TodoList/01-TodoList.csproj" Id="a97c4f8d-263d-450e-bbfe-98ac83c8ebe8" />
  <Project Path="02-DiceRollGame/02-DiceRollGame.csproj" Id="892c9af9-bcfb-4a7c-a468-b50915d802d9" />
  <Project Path="02-DiceRollGameTests/02-DiceRollGameTests.csproj" Id="1d7e4a7e-ffe5-4186-9071-81090ab767a6" />
  <Project Path="03-CookieCookbook/03-CookieCookbook.csproj" Id="e43e071d-d547-4818-b163-a6398681ddf7" />
  <Project Path="04-GameDataParser/04-GameDataParser.csproj" />
  <Project Path="04-GameDataParserTests/04-GameDataParserTests.csproj" Id="7c920785-b79e-488e-8057-f3e663c2a969" />
  <Project Path="05-CustomCache/05-CustomCache.csproj" />
  <Project Path="06-CookieCookbook/06-CookieCookbook.csproj" />
  <Project Path="07-NetUnderTheHoodAssignment/07-NetUnderTheHoodAssignment.csproj" />
  <Project Path="08-StarWarsPlanetStats/08-StarWarsPlanetStats.csproj" Id="a21138c2-05ef-43c3-bac6-39d50f9cea0e" />
  <Project Path="09-CustomLinkedList/09-CustomLinkedList.csproj" Id="2b1ab175-e129-4b5a-9cd7-394597b1dfe1" />
  <Project Path="10-TicketsDataAggregator/10-TicketsDataAggregator.csproj" />
  <Project Path="11-NumericTypesSuggester/11-NumericTypesSuggester.csproj" Id="bfeb4ce6-b87e-46aa-a84d-1b5a730624a6" />
  <Project Path="12-PasswordGenerator/12-PasswordGenerator.csproj" Id="9660d8c0-a882-4b52-945e-d4185665846c" />
  <Project Path="12-PasswordGeneratorTests/12-PasswordGeneratorTests.csproj" Id="5a20981e-7e32-4168-ae4d-9b02e12b84e5" />
  <Project Path="FibonacciGenerator/FibonacciGenerator.csproj" Id="cdb77d38-139b-4207-857e-64e8d507b9d0" />
  <Project Path="FibonacciGeneratorTests/FibonacciGeneratorTests.csproj" Id="031b8e99-de62-49a9-a609-1222aa4d58b3" />
  <Project Path="Practice/Practice.csproj" Id="2af67a28-6220-4b7a-a1c6-ecaf8b5e9f0d" />
</Solution>
